// !$*UTF8*$!
{
	archiveVersion = 1;
	classes = {
	};
	objectVersion = 50;
	objects = {

/* Begin PBXBuildFile section */
		4577A89D261E363700BF6CDA /* AppDelegate.swift in Sources */ = {isa = PBXBuildFile; fileRef = 4577A89C261E363700BF6CDA /* AppDelegate.swift */; };
		4577A89F261E363700BF6CDA /* SceneDelegate.swift in Sources */ = {isa = PBXBuildFile; fileRef = 4577A89E261E363700BF6CDA /* SceneDelegate.swift */; };
		4577A8A1261E363700BF6CDA /* ViewController.swift in Sources */ = {isa = PBXBuildFile; fileRef = 4577A8A0261E363700BF6CDA /* ViewController.swift */; };
		4577A8A4261E363700BF6CDA /* Main.storyboard in Resources */ = {isa = PBXBuildFile; fileRef = 4577A8A2261E363700BF6CDA /* Main.storyboard */; };
		4577A8A6261E363900BF6CDA /* Assets.xcassets in Resources */ = {isa = PBXBuildFile; fileRef = 4577A8A5261E363900BF6CDA /* Assets.xcassets */; };
		4577A8A9261E363900BF6CDA /* LaunchScreen.storyboard in Resources */ = {isa = PBXBuildFile; fileRef = 4577A8A7261E363900BF6CDA /* LaunchScreen.storyboard */; };
		4577A8B3261E39ED00BF6CDA /* Models.swift in Sources */ = {isa = PBXBuildFile; fileRef = 4577A8B2261E39ED00BF6CDA /* Models.swift */; };
		4577A8B8261E3EE900BF6CDA /* UITextField+Publisher.swift in Sources */ = {isa = PBXBuildFile; fileRef = 4577A8B7261E3EE900BF6CDA /* UITextField+Publisher.swift */; };
		4577A8BB261E43A200BF6CDA /* API.swift in Sources */ = {isa = PBXBuildFile; fileRef = 4577A8BA261E43A200BF6CDA /* API.swift */; };
		4577A8BF261EE63400BF6CDA /* ViewModel.swift in Sources */ = {isa = PBXBuildFile; fileRef = 4577A8BE261EE63400BF6CDA /* ViewModel.swift */; };
/* End PBXBuildFile section */

/* Begin PBXFileReference section */
		4577A899261E363700BF6CDA /* CombineUIKitWeatherApp.app */ = {isa = PBXFileReference; explicitFileType = wrapper.application; includeInIndex = 0; path = CombineUIKitWeatherApp.app; sourceTree = BUILT_PRODUCTS_DIR; };
		4577A89C261E363700BF6CDA /* AppDelegate.swift */ = {isa = PBXFileReference; lastKnownFileType = sourcecode.swift; path = AppDelegate.swift; sourceTree = "<group>"; };
		4577A89E261E363700BF6CDA /* SceneDelegate.swift */ = {isa = PBXFileReference; lastKnownFileType = sourcecode.swift; path = SceneDelegate.swift; sourceTree = "<group>"; };
		4577A8A0261E363700BF6CDA /* ViewController.swift */ = {isa = PBXFileReference; lastKnownFileType = sourcecode.swift; path = ViewController.swift; sourceTree = "<group>"; };
		4577A8A3261E363700BF6CDA /* Base */ = {isa = PBXFileReference; lastKnownFileType = file.storyboard; name = Base; path = Base.lproj/Main.storyboard; sourceTree = "<group>"; };
		4577A8A5261E363900BF6CDA /* Assets.xcassets */ = {isa = PBXFileReference; lastKnownFileType = folder.assetcatalog; path = Assets.xcassets; sourceTree = "<group>"; };
		4577A8A8261E363900BF6CDA /* Base */ = {isa = PBXFileReference; lastKnownFileType = file.storyboard; name = Base; path = Base.lproj/LaunchScreen.storyboard; sourceTree = "<group>"; };
		4577A8AA261E363900BF6CDA /* Info.plist */ = {isa = PBXFileReference; lastKnownFileType = text.plist.xml; path = Info.plist; sourceTree = "<group>"; };
		4577A8B2261E39ED00BF6CDA /* Models.swift */ = {isa = PBXFileReference; lastKnownFileType = sourcecode.swift; path = Models.swift; sourceTree = "<group>"; };
		4577A8B7261E3EE900BF6CDA /* UITextField+Publisher.swift */ = {isa = PBXFileReference; lastKnownFileType = sourcecode.swift; path = "UITextField+Publisher.swift"; sourceTree = "<group>"; };
		4577A8BA261E43A200BF6CDA /* API.swift */ = {isa = PBXFileReference; lastKnownFileType = sourcecode.swift; path = API.swift; sourceTree = "<group>"; };
		4577A8BE261EE63400BF6CDA /* ViewModel.swift */ = {isa = PBXFileReference; lastKnownFileType = sourcecode.swift; path = ViewModel.swift; sourceTree = "<group>"; };
/* End PBXFileReference section */

/* Begin PBXFrameworksBuildPhase section */
		4577A896261E363700BF6CDA /* Frameworks */ = {
			isa = PBXFrameworksBuildPhase;
			buildActionMask = 2147483647;
			files = (
			);
			runOnlyForDeploymentPostprocessing = 0;
		};
/* End PBXFrameworksBuildPhase section */

/* Begin PBXGroup section */
		4577A890261E363700BF6CDA = {
			isa = PBXGroup;
			children = (
				4577A89B261E363700BF6CDA /* CombineUIKitWeatherApp */,
				4577A89A261E363700BF6CDA /* Products */,
			);
			sourceTree = "<group>";
		};
		4577A89A261E363700BF6CDA /* Products */ = {
			isa = PBXGroup;
			children = (
				4577A899261E363700BF6CDA /* CombineUIKitWeatherApp.app */,
			);
			name = Products;
			sourceTree = "<group>";
		};
		4577A89B261E363700BF6CDA /* CombineUIKitWeatherApp */ = {
			isa = PBXGroup;
			children = (
				4577A8B5261E3EA300BF6CDA /* IMPORTANT STUFF */,
				4577A8B6261E3EB500BF6CDA /* NON IMPORTANT STUFF */,
			);
			path = CombineUIKitWeatherApp;
			sourceTree = "<group>";
		};
		4577A8B5261E3EA300BF6CDA /* IMPORTANT STUFF */ = {
			isa = PBXGroup;
			children = (
				4577A8A2261E363700BF6CDA /* Main.storyboard */,
				4577A8B2261E39ED00BF6CDA /* Models.swift */,
				4577A8A0261E363700BF6CDA /* ViewController.swift */,
				4577A8BE261EE63400BF6CDA /* ViewModel.swift */,
				4577A8B7261E3EE900BF6CDA /* UITextField+Publisher.swift */,
				4577A8BA261E43A200BF6CDA /* API.swift */,
			);
			path = "IMPORTANT STUFF";
			sourceTree = "<group>";
		};
		4577A8B6261E3EB500BF6CDA /* NON IMPORTANT STUFF */ = {
			isa = PBXGroup;
			children = (
				4577A89C261E363700BF6CDA /* AppDelegate.swift */,
				4577A89E261E363700BF6CDA /* SceneDelegate.swift */,
				4577A8A5261E363900BF6CDA /* Assets.xcassets */,
				4577A8A7261E363900BF6CDA /* LaunchScreen.storyboard */,
				4577A8AA261E363900BF6CDA /* Info.plist */,
			);
			name = "NON IMPORTANT STUFF";
			sourceTree = "<group>";
		};
/* End PBXGroup section */

/* Begin PBXNativeTarget section */
		4577A898261E363700BF6CDA /* CombineUIKitWeatherApp */ = {
			isa = PBXNativeTarget;
			buildConfigurationList = 4577A8AD261E363900BF6CDA /* Build configuration list for PBXNativeTarget "CombineUIKitWeatherApp" */;
			buildPhases = (
				4577A895261E363700BF6CDA /* Sources */,
				4577A896261E363700BF6CDA /* Frameworks */,
				4577A897261E363700BF6CDA /* Resources */,
			);
			buildRules = (
			);
			dependencies = (
			);
			name = CombineUIKitWeatherApp;
			productName = CombineUIKitWeatherApp;
			productReference = 4577A899261E363700BF6CDA /* CombineUIKitWeatherApp.app */;
			productType = "com.apple.product-type.application";
		};
/* End PBXNativeTarget section */

/* Begin PBXProject section */
		4577A891261E363700BF6CDA /* Project object */ = {
			isa = PBXProject;
			attributes = {
				LastSwiftUpdateCheck = 1240;
				LastUpgradeCheck = 1240;
				TargetAttributes = {
					4577A898261E363700BF6CDA = {
						CreatedOnToolsVersion = 12.4;
					};
				};
			};
			buildConfigurationList = 4577A894261E363700BF6CDA /* Build configuration list for PBXProject "CombineUIKitWeatherApp" */;
			compatibilityVersion = "Xcode 9.3";
			developmentRegion = en;
			hasScannedForEncodings = 0;
			knownRegions = (
				en,
				Base,
			);
			mainGroup = 4577A890261E363700BF6CDA;
			productRefGroup = 4577A89A261E363700BF6CDA /* Products */;
			projectDirPath = "";
			projectRoot = "";
			targets = (
				4577A898261E363700BF6CDA /* CombineUIKitWeatherApp */,
			);
		};
/* End PBXProject section */

/* Begin PBXResourcesBuildPhase section */
		4577A897261E363700BF6CDA /* Resources */ = {
			isa = PBXResourcesBuildPhase;
			buildActionMask = 2147483647;
			files = (
				4577A8A9261E363900BF6CDA /* LaunchScreen.storyboard in Resources */,
				4577A8A6261E363900BF6CDA /* Assets.xcassets in Resources */,
				4577A8A4261E363700BF6CDA /* Main.storyboard in Resources */,
			);
			runOnlyForDeploymentPostprocessing = 0;
		};
/* End PBXResourcesBuildPhase section */

/* Begin PBXSourcesBuildPhase section */
		4577A895261E363700BF6CDA /* Sources */ = {
			isa = PBXSourcesBuildPhase;
			buildActionMask = 2147483647;
			files = (
				4577A8A1261E363700BF6CDA /* ViewController.swift in Sources */,
				4577A89D261E363700BF6CDA /* AppDelegate.swift in Sources */,
				4577A89F261E363700BF6CDA /* SceneDelegate.swift in Sources */,
				4577A8B8261E3EE900BF6CDA /* UITextField+Publisher.swift in Sources */,
				4577A8BB261E43A200BF6CDA /* API.swift in Sources */,
				4577A8B3261E39ED00BF6CDA /* Models.swift in Sources */,
				4577A8BF261EE63400BF6CDA /* ViewModel.swift in Sources */,
			);
			runOnlyForDeploymentPostprocessing = 0;
		};
/* End PBXSourcesBuildPhase section */

/* Begin PBXVariantGroup section */
		4577A8A2261E363700BF6CDA /* Main.storyboard */ = {
			isa = PBXVariantGroup;
			children = (
				4577A8A3261E363700BF6CDA /* Base */,
			);
			name = Main.storyboard;
			sourceTree = "<group>";
		};
		4577A8A7261E363900BF6CDA /* LaunchScreen.storyboard */ = {
			isa = PBXVariantGroup;
			children = (
				4577A8A8261E363900BF6CDA /* Base */,
			);
			name = LaunchScreen.storyboard;
			sourceTree = "<group>";
		};
/* End PBXVariantGroup section */

/* Begin XCBuildConfiguration section */
		4577A8AB261E363900BF6CDA /* Debug */ = {
			isa = XCBuildConfiguration;
			buildSettings = {
				ALWAYS_SEARCH_USER_PATHS = NO;
				CLANG_ANALYZER_NONNULL = YES;
				CLANG_ANALYZER_NUMBER_OBJECT_CONVERSION = YES_AGGRESSIVE;
				CLANG_CXX_LANGUAGE_STANDARD = "gnu++14";
				CLANG_CXX_LIBRARY = "libc++";
				CLANG_ENABLE_MODULES = YES;
				CLANG_ENABLE_OBJC_ARC = YES;
				CLANG_ENABLE_OBJC_WEAK = YES;
				CLANG_WARN_BLOCK_CAPTURE_AUTORELEASING = YES;
				CLANG_WARN_BOOL_CONVERSION = YES;
				CLANG_WARN_COMMA = YES;
				CLANG_WARN_CONSTANT_CONVERSION = YES;
				CLANG_WARN_DEPRECATED_OBJC_IMPLEMENTATIONS = YES;
				CLANG_WARN_DIRECT_OBJC_ISA_USAGE = YES_ERROR;
				CLANG_WARN_DOCUMENTATION_COMMENTS = YES;
				CLANG_WARN_EMPTY_BODY = YES;
				CLANG_WARN_ENUM_CONVERSION = YES;
				CLANG_WARN_INFINITE_RECURSION = YES;
				CLANG_WARN_INT_CONVERSION = YES;
				CLANG_WARN_NON_LITERAL_NULL_CONVERSION = YES;
				CLANG_WARN_OBJC_IMPLICIT_RETAIN_SELF = YES;
				CLANG_WARN_OBJC_LITERAL_CONVERSION = YES;
				CLANG_WARN_OBJC_ROOT_CLASS = YES_ERROR;
				CLANG_WARN_QUOTED_INCLUDE_IN_FRAMEWORK_HEADER = YES;
				CLANG_WARN_RANGE_LOOP_ANALYSIS = YES;
				CLANG_WARN_STRICT_PROTOTYPES = YES;
				CLANG_WARN_SUSPICIOUS_MOVE = YES;
				CLANG_WARN_UNGUARDED_AVAILABILITY = YES_AGGRESSIVE;
				CLANG_WARN_UNREACHABLE_CODE = YES;
				CLANG_WARN__DUPLICATE_METHOD_MATCH = YES;
				COPY_PHASE_STRIP = NO;
				DEBUG_INFORMATION_FORMAT = dwarf;
				ENABLE_STRICT_OBJC_MSGSEND = YES;
				ENABLE_TESTABILITY = YES;
				GCC_C_LANGUAGE_STANDARD = gnu11;
				GCC_DYNAMIC_NO_PIC = NO;
				GCC_NO_COMMON_BLOCKS = YES;
				GCC_OPTIMIZATION_LEVEL = 0;
				GCC_PREPROCESSOR_DEFINITIONS = (
					"DEBUG=1",
					"$(inherited)",
				);
				GCC_WARN_64_TO_32_BIT_CONVERSION = YES;
				GCC_WARN_ABOUT_RETURN_TYPE = YES_ERROR;
				GCC_WARN_UNDECLARED_SELECTOR = YES;
				GCC_WARN_UNINITIALIZED_AUTOS = YES_AGGRESSIVE;
				GCC_WARN_UNUSED_FUNCTION = YES;
				GCC_WARN_UNUSED_VARIABLE = YES;
				IPHONEOS_DEPLOYMENT_TARGET = 14.4;
				MTL_ENABLE_DEBUG_INFO = INCLUDE_SOURCE;
				MTL_FAST_MATH = YES;
				ONLY_ACTIVE_ARCH = YES;
				SDKROOT = iphoneos;
				SWIFT_ACTIVE_COMPILATION_CONDITIONS = DEBUG;
				SWIFT_OPTIMIZATION_LEVEL = "-Onone";
			};
			name = Debug;
		};
		4577A8AC261E363900BF6CDA /* Release */ = {
			isa = XCBuildConfiguration;
			buildSettings = {
				ALWAYS_SEARCH_USER_PATHS = NO;
				CLANG_ANALYZER_NONNULL = YES;
				CLANG_ANALYZER_NUMBER_OBJECT_CONVERSION = YES_AGGRESSIVE;
				CLANG_CXX_LANGUAGE_STANDARD = "gnu++14";
				CLANG_CXX_LIBRARY = "libc++";
				CLANG_ENABLE_MODULES = YES;
				CLANG_ENABLE_OBJC_ARC = YES;
				CLANG_ENABLE_OBJC_WEAK = YES;
				CLANG_WARN_BLOCK_CAPTURE_AUTORELEASING = YES;
				CLANG_WARN_BOOL_CONVERSION = YES;
				CLANG_WARN_COMMA = YES;
				CLANG_WARN_CONSTANT_CONVERSION = YES;
				CLANG_WARN_DEPRECATED_OBJC_IMPLEMENTATIONS = YES;
				CLANG_WARN_DIRECT_OBJC_ISA_USAGE = YES_ERROR;
				CLANG_WARN_DOCUMENTATION_COMMENTS = YES;
				CLANG_WARN_EMPTY_BODY = YES;
				CLANG_WARN_ENUM_CONVERSION = YES;
				CLANG_WARN_INFINITE_RECURSION = YES;
				CLANG_WARN_INT_CONVERSION = YES;
				CLANG_WARN_NON_LITERAL_NULL_CONVERSION = YES;
				CLANG_WARN_OBJC_IMPLICIT_RETAIN_SELF = YES;
				CLANG_WARN_OBJC_LITERAL_CONVERSION = YES;
				CLANG_WARN_OBJC_ROOT_CLASS = YES_ERROR;
				CLANG_WARN_QUOTED_INCLUDE_IN_FRAMEWORK_HEADER = YES;
				CLANG_WARN_RANGE_LOOP_ANALYSIS = YES;
				CLANG_WARN_STRICT_PROTOTYPES = YES;
				CLANG_WARN_SUSPICIOUS_MOVE = YES;
				CLANG_WARN_UNGUARDED_AVAILABILITY = YES_AGGRESSIVE;
				CLANG_WARN_UNREACHABLE_CODE = YES;
				CLANG_WARN__DUPLICATE_METHOD_MATCH = YES;
				COPY_PHASE_STRIP = NO;
				DEBUG_INFORMATION_FORMAT = "dwarf-with-dsym";
				ENABLE_NS_ASSERTIONS = NO;
				ENABLE_STRICT_OBJC_MSGSEND = YES;
				GCC_C_LANGUAGE_STANDARD = gnu11;
				GCC_NO_COMMON_BLOCKS = YES;
				GCC_WARN_64_TO_32_BIT_CONVERSION = YES;
				GCC_WARN_ABOUT_RETURN_TYPE = YES_ERROR;
				GCC_WARN_UNDECLARED_SELECTOR = YES;
				GCC_WARN_UNINITIALIZED_AUTOS = YES_AGGRESSIVE;
				GCC_WARN_UNUSED_FUNCTION = YES;
				GCC_WARN_UNUSED_VARIABLE = YES;
				IPHONEOS_DEPLOYMENT_TARGET = 14.4;
				MTL_ENABLE_DEBUG_INFO = NO;
				MTL_FAST_MATH = YES;
				SDKROOT = iphoneos;
				SWIFT_COMPILATION_MODE = wholemodule;
				SWIFT_OPTIMIZATION_LEVEL = "-O";
				VALIDATE_PRODUCT = YES;
			};
			name = Release;
		};
		4577A8AE261E363900BF6CDA /* Debug */ = {
			isa = XCBuildConfiguration;
			buildSettings = {
				ASSETCATALOG_COMPILER_APPICON_NAME = AppIcon;
				ASSETCATALOG_COMPILER_GLOBAL_ACCENT_COLOR_NAME = AccentColor;
				CODE_SIGN_STYLE = Automatic;
				DEVELOPMENT_TEAM = RE4YFXSB23;
				INFOPLIST_FILE = CombineUIKitWeatherApp/Info.plist;
				LD_RUNPATH_SEARCH_PATHS = (
					"$(inherited)",
					"@executable_path/Frameworks",
				);
				PRODUCT_BUNDLE_IDENTIFIER = com.glennposadas.sampleapp.CombineUIKitWeatherApp;
				PRODUCT_NAME = "$(TARGET_NAME)";
				SWIFT_VERSION = 5.0;
				TARGETED_DEVICE_FAMILY = "1,2";
			};
			name = Debug;
		};
		4577A8AF261E363900BF6CDA /* Release */ = {
			isa = XCBuildConfiguration;
			buildSettings = {
				ASSETCATALOG_COMPILER_APPICON_NAME = AppIcon;
				ASSETCATALOG_COMPILER_GLOBAL_ACCENT_COLOR_NAME = AccentColor;
				CODE_SIGN_STYLE = Automatic;
				DEVELOPMENT_TEAM = RE4YFXSB23;
				INFOPLIST_FILE = CombineUIKitWeatherApp/Info.plist;
				LD_RUNPATH_SEARCH_PATHS = (
					"$(inherited)",
					"@executable_path/Frameworks",
				);
				PRODUCT_BUNDLE_IDENTIFIER = com.glennposadas.sampleapp.CombineUIKitWeatherApp;
				PRODUCT_NAME = "$(TARGET_NAME)";
				SWIFT_VERSION = 5.0;
				TARGETED_DEVICE_FAMILY = "1,2";
			};
			name = Release;
		};
/* End XCBuildConfiguration section */

/* Begin XCConfigurationList section */
		4577A894261E363700BF6CDA /* Build configuration list for PBXProject "CombineUIKitWeatherApp" */ = {
			isa = XCConfigurationList;
			buildConfigurations = (
				4577A8AB261E363900BF6CDA /* Debug */,
				4577A8AC261E363900BF6CDA /* Release */,
			);
			defaultConfigurationIsVisible = 0;
			defaultConfigurationName = Release;
		};
		4577A8AD261E363900BF6CDA /* Build configuration list for PBXNativeTarget "CombineUIKitWeatherApp" */ = {
			isa = XCConfigurationList;
			buildConfigurations = (
				4577A8AE261E363900BF6CDA /* Debug */,
				4577A8AF261E363900BF6CDA /* Release */,
			);
			defaultConfigurationIsVisible = 0;
			defaultConfigurationName = Release;
		};
/* End XCConfigurationList section */
	};
	rootObject = 4577A891261E363700BF6CDA /* Project object */;
}
